
Microsoft Visual Studio Solution File, Format Version 12.00
# Visual Studio 2012
Project("{FAE04EC0-301F-11D3-BF4B-00C04F79EFBC}") = "ApiTest", "ApiTest\ApiTest.csproj", "{948B9B9B-8CED-4A3D-AF73-A8147AF93B26}"
EndProject
Project("{FAE04EC0-301F-11D3-BF4B-00C04F79EFBC}") = "BtceApi", "BtceApi\BtceApi.csproj", "{266935B5-B5B2-462C-8308-20E2BD1360B5}"
EndProject
Global
	GlobalSection(SolutionConfigurationPlatforms) = preSolution
		Debug|Any CPU = Debug|Any CPU
		Release|Any CPU = Release|Any CPU
	EndGlobalSection
	GlobalSection(ProjectConfigurationPlatforms) = postSolution
		{948B9B9B-8CED-4A3D-AF73-A8147AF93B26}.Debug|Any CPU.ActiveCfg = Debug|Any CPU
		{948B9B9B-8CED-4A3D-AF73-A8147AF93B26}.Debug|Any CPU.Build.0 = Debug|Any CPU
		{948B9B9B-8CED-4A3D-AF73-A8147AF93B26}.Release|Any CPU.ActiveCfg = Release|Any CPU
		{948B9B9B-8CED-4A3D-AF73-A8147AF93B26}.Release|Any CPU.Build.0 = Release|Any CPU
		{266935B5-B5B2-462C-8308-20E2BD1360B5}.Debug|Any CPU.ActiveCfg = Debug|Any CPU
		{266935B5-B5B2-462C-8308-20E2BD1360B5}.Debug|Any CPU.Build.0 = Debug|Any CPU
		{266935B5-B5B2-462C-8308-20E2BD1360B5}.Release|Any CPU.ActiveCfg = Release|Any CPU
		{266935B5-B5B2-462C-8308-20E2BD1360B5}.Release|Any CPU.Build.0 = Release|Any CPU
	EndGlobalSection
	GlobalSection(SolutionProperties) = preSolution
		HideSolutionNode = FALSE
	EndGlobalSection
EndGlobal
